{
  "nodes": {
    "nixpkgs": {
      "locked": {
        "lastModified": 1769652332,
        "narHash": "sha256-EcYcVR8uNkGc2NZGa4Tw1jgW/kHt6D3uG7ql22g0FIo=",
        "owner": "nixos",
        "repo": "nixpkgs",
        "rev": "fb5b1a75f4b25f5184dd46ad3ef67c7fb5671dfa",
        "type": "github"
      },
      "original": {
        "owner": "nixos",
        "repo": "nixpkgs",
        "type": "github"
      }
    },
    "root": {
      "inputs": {
        "nixpkgs": "nixpkgs"
      }
    }
  },
  "root": "root",
  "version": 7
}
